
Microsoft Visual Studio Solution File, Format Version 12.00
# Visual Studio Version 16
VisualStudioVersion = 16.0.30413.136
MinimumVisualStudioVersion = 10.0.40219.1
Project("{9A19103F-16F7-4668-BE54-9A1E7A4F7556}") = "DiscordBot", "DiscordBot.csproj", "{FDBD9C80-13B8-4590-B75C-97B78FFF38E7}"
EndProject
Project("{9A19103F-16F7-4668-BE54-9A1E7A4F7556}") = "DatabaseEntity", "Infrastructure\DatabaseEntity.csproj", "{43FB6F78-DF09-4C11-988B-4DA8FF05EFC4}"
EndProject
Global
	GlobalSection(SolutionConfigurationPlatforms) = preSolution
		Debug|Any CPU = Debug|Any CPU
		Release|Any CPU = Release|Any CPU
	EndGlobalSection
	GlobalSection(ProjectConfigurationPlatforms) = postSolution
		{FDBD9C80-13B8-4590-B75C-97B78FFF38E7}.Debug|Any CPU.ActiveCfg = Debug|Any CPU
		{FDBD9C80-13B8-4590-B75C-97B78FFF38E7}.Debug|Any CPU.Build.0 = Debug|Any CPU
		{FDBD9C80-13B8-4590-B75C-97B78FFF38E7}.Release|Any CPU.ActiveCfg = Release|Any CPU
		{FDBD9C80-13B8-4590-B75C-97B78FFF38E7}.Release|Any CPU.Build.0 = Release|Any CPU
		{43FB6F78-DF09-4C11-988B-4DA8FF05EFC4}.Debug|Any CPU.ActiveCfg = Debug|Any CPU
		{43FB6F78-DF09-4C11-988B-4DA8FF05EFC4}.Debug|Any CPU.Build.0 = Debug|Any CPU
		{43FB6F78-DF09-4C11-988B-4DA8FF05EFC4}.Release|Any CPU.ActiveCfg = Release|Any CPU
		{43FB6F78-DF09-4C11-988B-4DA8FF05EFC4}.Release|Any CPU.Build.0 = Release|Any CPU
	EndGlobalSection
	GlobalSection(SolutionProperties) = preSolution
		HideSolutionNode = FALSE
	EndGlobalSection
	GlobalSection(ExtensibilityGlobals) = postSolution
		SolutionGuid = {D43AD92B-DEDA-4D0D-B80D-F2CC82B4FA60}
	EndGlobalSection
EndGlobal
